// !$*UTF8*$!
{
	archiveVersion = 1;
	classes = {
	};
	objectVersion = 46;
	objects = {

/* Begin PBXBuildFile section */
		0B48ED8F1D1C6D0700E30837 /* ViewControl.swift in Sources */ = {isa = PBXBuildFile; fileRef = 0B48ED8E1D1C6D0700E30837 /* ViewControl.swift */; };
		0B48ED911D1C6F2E00E30837 /* calculatedWakeUp.swift in Sources */ = {isa = PBXBuildFile; fileRef = 0B48ED901D1C6F2E00E30837 /* calculatedWakeUp.swift */; };
		0B537D2D1D244774004DC1F7 /* NotificationCenter.framework in Frameworks */ = {isa = PBXBuildFile; fileRef = 0B8E29661D1CD0ED00FC8D3A /* NotificationCenter.framework */; };
		0B537D301D244774004DC1F7 /* TodayViewController.swift in Sources */ = {isa = PBXBuildFile; fileRef = 0B537D2F1D244774004DC1F7 /* TodayViewController.swift */; };
		0B537D331D244774004DC1F7 /* MainInterface.storyboard in Resources */ = {isa = PBXBuildFile; fileRef = 0B537D311D244774004DC1F7 /* MainInterface.storyboard */; };
		0B537D371D244774004DC1F7 /* SleepyExtension.appex in Embed App Extensions */ = {isa = PBXBuildFile; fileRef = 0B537D2C1D244774004DC1F7 /* SleepyExtension.appex */; settings = {ATTRIBUTES = (RemoveHeadersOnCopy, ); }; };
		0BFA3D281D19E6ED00DF996E /* AppDelegate.swift in Sources */ = {isa = PBXBuildFile; fileRef = 0BFA3D271D19E6ED00DF996E /* AppDelegate.swift */; };
		0BFA3D2A1D19E6ED00DF996E /* ViewController.swift in Sources */ = {isa = PBXBuildFile; fileRef = 0BFA3D291D19E6ED00DF996E /* ViewController.swift */; };
		0BFA3D2D1D19E6ED00DF996E /* Main.storyboard in Resources */ = {isa = PBXBuildFile; fileRef = 0BFA3D2B1D19E6ED00DF996E /* Main.storyboard */; };
		0BFA3D2F1D19E6ED00DF996E /* Assets.xcassets in Resources */ = {isa = PBXBuildFile; fileRef = 0BFA3D2E1D19E6ED00DF996E /* Assets.xcassets */; };
		0BFA3D321D19E6ED00DF996E /* LaunchScreen.storyboard in Resources */ = {isa = PBXBuildFile; fileRef = 0BFA3D301D19E6ED00DF996E /* LaunchScreen.storyboard */; };
/* End PBXBuildFile section */

/* Begin PBXContainerItemProxy section */
		0B537D351D244774004DC1F7 /* PBXContainerItemProxy */ = {
			isa = PBXContainerItemProxy;
			containerPortal = 0BFA3D1C1D19E6ED00DF996E /* Project object */;
			proxyType = 1;
			remoteGlobalIDString = 0B537D2B1D244774004DC1F7;
			remoteInfo = SleepyExtension;
		};
/* End PBXContainerItemProxy section */

/* Begin PBXCopyFilesBuildPhase section */
		0B8E29751D1CD0ED00FC8D3A /* Embed App Extensions */ = {
			isa = PBXCopyFilesBuildPhase;
			buildActionMask = 2147483647;
			dstPath = "";
			dstSubfolderSpec = 13;
			files = (
				0B537D371D244774004DC1F7 /* SleepyExtension.appex in Embed App Extensions */,
			);
			name = "Embed App Extensions";
			runOnlyForDeploymentPostprocessing = 0;
		};
/* End PBXCopyFilesBuildPhase section */

/* Begin PBXFileReference section */
		0B48ED8E1D1C6D0700E30837 /* ViewControl.swift */ = {isa = PBXFileReference; fileEncoding = 4; lastKnownFileType = sourcecode.swift; path = ViewControl.swift; sourceTree = "<group>"; };
		0B48ED901D1C6F2E00E30837 /* calculatedWakeUp.swift */ = {isa = PBXFileReference; fileEncoding = 4; lastKnownFileType = sourcecode.swift; path = calculatedWakeUp.swift; sourceTree = "<group>"; };
		0B537D2C1D244774004DC1F7 /* SleepyExtension.appex */ = {isa = PBXFileReference; explicitFileType = "wrapper.app-extension"; includeInIndex = 0; path = SleepyExtension.appex; sourceTree = BUILT_PRODUCTS_DIR; };
		0B537D2F1D244774004DC1F7 /* TodayViewController.swift */ = {isa = PBXFileReference; lastKnownFileType = sourcecode.swift; path = TodayViewController.swift; sourceTree = "<group>"; };
		0B537D321D244774004DC1F7 /* Base */ = {isa = PBXFileReference; lastKnownFileType = file.storyboard; name = Base; path = Base.lproj/MainInterface.storyboard; sourceTree = "<group>"; };
		0B537D341D244774004DC1F7 /* Info.plist */ = {isa = PBXFileReference; lastKnownFileType = text.plist.xml; path = Info.plist; sourceTree = "<group>"; };
		0B8E29661D1CD0ED00FC8D3A /* NotificationCenter.framework */ = {isa = PBXFileReference; lastKnownFileType = wrapper.framework; name = NotificationCenter.framework; path = System/Library/Frameworks/NotificationCenter.framework; sourceTree = SDKROOT; };
		0B8E297B1D1CDEB600FC8D3A /* Sleepy.entitlements */ = {isa = PBXFileReference; lastKnownFileType = text.xml; path = Sleepy.entitlements; sourceTree = "<group>"; };
		0BFA3D241D19E6ED00DF996E /* Sleepy.app */ = {isa = PBXFileReference; explicitFileType = wrapper.application; includeInIndex = 0; path = Sleepy.app; sourceTree = BUILT_PRODUCTS_DIR; };
		0BFA3D271D19E6ED00DF996E /* AppDelegate.swift */ = {isa = PBXFileReference; lastKnownFileType = sourcecode.swift; path = AppDelegate.swift; sourceTree = "<group>"; };
		0BFA3D291D19E6ED00DF996E /* ViewController.swift */ = {isa = PBXFileReference; lastKnownFileType = sourcecode.swift; path = ViewController.swift; sourceTree = "<group>"; };
		0BFA3D2C1D19E6ED00DF996E /* Base */ = {isa = PBXFileReference; lastKnownFileType = file.storyboard; name = Base; path = Base.lproj/Main.storyboard; sourceTree = "<group>"; };
		0BFA3D2E1D19E6ED00DF996E /* Assets.xcassets */ = {isa = PBXFileReference; lastKnownFileType = folder.assetcatalog; path = Assets.xcassets; sourceTree = "<group>"; };
		0BFA3D311D19E6ED00DF996E /* Base */ = {isa = PBXFileReference; lastKnownFileType = file.storyboard; name = Base; path = Base.lproj/LaunchScreen.storyboard; sourceTree = "<group>"; };
		0BFA3D331D19E6ED00DF996E /* Info.plist */ = {isa = PBXFileReference; lastKnownFileType = text.plist.xml; path = Info.plist; sourceTree = "<group>"; };
/* End PBXFileReference section */

/* Begin PBXFrameworksBuildPhase section */
		0B537D291D244774004DC1F7 /* Frameworks */ = {
			isa = PBXFrameworksBuildPhase;
			buildActionMask = 2147483647;
			files = (
				0B537D2D1D244774004DC1F7 /* NotificationCenter.framework in Frameworks */,
			);
			runOnlyForDeploymentPostprocessing = 0;
		};
		0BFA3D211D19E6ED00DF996E /* Frameworks */ = {
			isa = PBXFrameworksBuildPhase;
			buildActionMask = 2147483647;
			files = (
			);
			runOnlyForDeploymentPostprocessing = 0;
		};
/* End PBXFrameworksBuildPhase section */

/* Begin PBXGroup section */
		0B537D2E1D244774004DC1F7 /* SleepyExtension */ = {
			isa = PBXGroup;
			children = (
				0B537D2F1D244774004DC1F7 /* TodayViewController.swift */,
				0B537D311D244774004DC1F7 /* MainInterface.storyboard */,
				0B537D341D244774004DC1F7 /* Info.plist */,
			);
			path = SleepyExtension;
			sourceTree = "<group>";
		};
		0B8E29651D1CD0ED00FC8D3A /* Frameworks */ = {
			isa = PBXGroup;
			children = (
				0B8E29661D1CD0ED00FC8D3A /* NotificationCenter.framework */,
			);
			name = Frameworks;
			sourceTree = "<group>";
		};
		0BFA3D1B1D19E6ED00DF996E = {
			isa = PBXGroup;
			children = (
				0BFA3D261D19E6ED00DF996E /* Sleepy */,
				0B537D2E1D244774004DC1F7 /* SleepyExtension */,
				0B8E29651D1CD0ED00FC8D3A /* Frameworks */,
				0BFA3D251D19E6ED00DF996E /* Products */,
			);
			sourceTree = "<group>";
		};
		0BFA3D251D19E6ED00DF996E /* Products */ = {
			isa = PBXGroup;
			children = (
				0BFA3D241D19E6ED00DF996E /* Sleepy.app */,
				0B537D2C1D244774004DC1F7 /* SleepyExtension.appex */,
			);
			name = Products;
			sourceTree = "<group>";
		};
		0BFA3D261D19E6ED00DF996E /* Sleepy */ = {
			isa = PBXGroup;
			children = (
				0B8E297B1D1CDEB600FC8D3A /* Sleepy.entitlements */,
				0BFA3D271D19E6ED00DF996E /* AppDelegate.swift */,
				0BFA3D291D19E6ED00DF996E /* ViewController.swift */,
				0B48ED8E1D1C6D0700E30837 /* ViewControl.swift */,
				0BFA3D2B1D19E6ED00DF996E /* Main.storyboard */,
				0B48ED901D1C6F2E00E30837 /* calculatedWakeUp.swift */,
				0BFA3D2E1D19E6ED00DF996E /* Assets.xcassets */,
				0BFA3D301D19E6ED00DF996E /* LaunchScreen.storyboard */,
				0BFA3D331D19E6ED00DF996E /* Info.plist */,
			);
			path = Sleepy;
			sourceTree = "<group>";
		};
/* End PBXGroup section */

/* Begin PBXNativeTarget section */
		0B537D2B1D244774004DC1F7 /* SleepyExtension */ = {
			isa = PBXNativeTarget;
			buildConfigurationList = 0B537D3A1D244774004DC1F7 /* Build configuration list for PBXNativeTarget "SleepyExtension" */;
			buildPhases = (
				0B537D281D244774004DC1F7 /* Sources */,
				0B537D291D244774004DC1F7 /* Frameworks */,
				0B537D2A1D244774004DC1F7 /* Resources */,
			);
			buildRules = (
			);
			dependencies = (
			);
			name = SleepyExtension;
			productName = SleepyExtension;
			productReference = 0B537D2C1D244774004DC1F7 /* SleepyExtension.appex */;
			productType = "com.apple.product-type.app-extension";
		};
		0BFA3D231D19E6ED00DF996E /* Sleepy */ = {
			isa = PBXNativeTarget;
			buildConfigurationList = 0BFA3D361D19E6ED00DF996E /* Build configuration list for PBXNativeTarget "Sleepy" */;
			buildPhases = (
				0BFA3D201D19E6ED00DF996E /* Sources */,
				0BFA3D211D19E6ED00DF996E /* Frameworks */,
				0BFA3D221D19E6ED00DF996E /* Resources */,
				0B8E29751D1CD0ED00FC8D3A /* Embed App Extensions */,
			);
			buildRules = (
			);
			dependencies = (
				0B537D361D244774004DC1F7 /* PBXTargetDependency */,
			);
			name = Sleepy;
			productName = Sleepy;
			productReference = 0BFA3D241D19E6ED00DF996E /* Sleepy.app */;
			productType = "com.apple.product-type.application";
		};
/* End PBXNativeTarget section */

/* Begin PBXProject section */
		0BFA3D1C1D19E6ED00DF996E /* Project object */ = {
			isa = PBXProject;
			attributes = {
				LastSwiftUpdateCheck = 0730;
				LastUpgradeCheck = 0730;
				ORGANIZATIONNAME = "Ali Mousa";
				TargetAttributes = {
					0B537D2B1D244774004DC1F7 = {
						CreatedOnToolsVersion = 7.3.1;
						DevelopmentTeam = L72278KK8K;
					};
					0BFA3D231D19E6ED00DF996E = {
						CreatedOnToolsVersion = 7.3.1;
						DevelopmentTeam = L72278KK8K;
						SystemCapabilities = {
							com.apple.ApplicationGroups.iOS = {
								enabled = 0;
							};
						};
					};
				};
			};
			buildConfigurationList = 0BFA3D1F1D19E6ED00DF996E /* Build configuration list for PBXProject "Sleepy" */;
			compatibilityVersion = "Xcode 3.2";
			developmentRegion = English;
			hasScannedForEncodings = 0;
			knownRegions = (
				en,
				Base,
			);
			mainGroup = 0BFA3D1B1D19E6ED00DF996E;
			productRefGroup = 0BFA3D251D19E6ED00DF996E /* Products */;
			projectDirPath = "";
			projectRoot = "";
			targets = (
				0BFA3D231D19E6ED00DF996E /* Sleepy */,
				0B537D2B1D244774004DC1F7 /* SleepyExtension */,
			);
		};
/* End PBXProject section */

/* Begin PBXResourcesBuildPhase section */
		0B537D2A1D244774004DC1F7 /* Resources */ = {
			isa = PBXResourcesBuildPhase;
			buildActionMask = 2147483647;
			files = (
				0B537D331D244774004DC1F7 /* MainInterface.storyboard in Resources */,
			);
			runOnlyForDeploymentPostprocessing = 0;
		};
		0BFA3D221D19E6ED00DF996E /* Resources */ = {
			isa = PBXResourcesBuildPhase;
			buildActionMask = 2147483647;
			files = (
				0BFA3D321D19E6ED00DF996E /* LaunchScreen.storyboard in Resources */,
				0BFA3D2F1D19E6ED00DF996E /* Assets.xcassets in Resources */,
				0BFA3D2D1D19E6ED00DF996E /* Main.storyboard in Resources */,
			);
			runOnlyForDeploymentPostprocessing = 0;
		};
/* End PBXResourcesBuildPhase section */

/* Begin PBXSourcesBuildPhase section */
		0B537D281D244774004DC1F7 /* Sources */ = {
			isa = PBXSourcesBuildPhase;
			buildActionMask = 2147483647;
			files = (
				0B537D301D244774004DC1F7 /* TodayViewController.swift in Sources */,
			);
			runOnlyForDeploymentPostprocessing = 0;
		};
		0BFA3D201D19E6ED00DF996E /* Sources */ = {
			isa = PBXSourcesBuildPhase;
			buildActionMask = 2147483647;
			files = (
				0B48ED911D1C6F2E00E30837 /* calculatedWakeUp.swift in Sources */,
				0BFA3D2A1D19E6ED00DF996E /* ViewController.swift in Sources */,
				0BFA3D281D19E6ED00DF996E /* AppDelegate.swift in Sources */,
				0B48ED8F1D1C6D0700E30837 /* ViewControl.swift in Sources */,
			);
			runOnlyForDeploymentPostprocessing = 0;
		};
/* End PBXSourcesBuildPhase section */

/* Begin PBXTargetDependency section */
		0B537D361D244774004DC1F7 /* PBXTargetDependency */ = {
			isa = PBXTargetDependency;
			target = 0B537D2B1D244774004DC1F7 /* SleepyExtension */;
			targetProxy = 0B537D351D244774004DC1F7 /* PBXContainerItemProxy */;
		};
/* End PBXTargetDependency section */

/* Begin PBXVariantGroup section */
		0B537D311D244774004DC1F7 /* MainInterface.storyboard */ = {
			isa = PBXVariantGroup;
			children = (
				0B537D321D244774004DC1F7 /* Base */,
			);
			name = MainInterface.storyboard;
			sourceTree = "<group>";
		};
		0BFA3D2B1D19E6ED00DF996E /* Main.storyboard */ = {
			isa = PBXVariantGroup;
			children = (
				0BFA3D2C1D19E6ED00DF996E /* Base */,
			);
			name = Main.storyboard;
			sourceTree = "<group>";
		};
		0BFA3D301D19E6ED00DF996E /* LaunchScreen.storyboard */ = {
			isa = PBXVariantGroup;
			children = (
				0BFA3D311D19E6ED00DF996E /* Base */,
			);
			name = LaunchScreen.storyboard;
			sourceTree = "<group>";
		};
/* End PBXVariantGroup section */

/* Begin XCBuildConfiguration section */
		0B537D381D244774004DC1F7 /* Debug */ = {
			isa = XCBuildConfiguration;
			buildSettings = {
				CODE_SIGN_IDENTITY = "iPhone Developer";
				"CODE_SIGN_IDENTITY[sdk=iphoneos*]" = "iPhone Developer";
				INFOPLIST_FILE = SleepyExtension/Info.plist;
				LD_RUNPATH_SEARCH_PATHS = "$(inherited) @executable_path/Frameworks @executable_path/../../Frameworks";
				PRODUCT_BUNDLE_IDENTIFIER = "Ali-Mousa.Sleepy.SleepyExtension";
				PRODUCT_NAME = "$(TARGET_NAME)";
				SKIP_INSTALL = YES;
			};
			name = Debug;
		};
		0B537D391D244774004DC1F7 /* Release */ = {
			isa = XCBuildConfiguration;
			buildSettings = {
				CODE_SIGN_IDENTITY = "iPhone Developer";
				"CODE_SIGN_IDENTITY[sdk=iphoneos*]" = "iPhone Developer";
				INFOPLIST_FILE = SleepyExtension/Info.plist;
				LD_RUNPATH_SEARCH_PATHS = "$(inherited) @executable_path/Frameworks @executable_path/../../Frameworks";
				PRODUCT_BUNDLE_IDENTIFIER = "Ali-Mousa.Sleepy.SleepyExtension";
				PRODUCT_NAME = "$(TARGET_NAME)";
				SKIP_INSTALL = YES;
			};
			name = Release;
		};
		0BFA3D341D19E6ED00DF996E /* Debug */ = {
			isa = XCBuildConfiguration;
			buildSettings = {
				ALWAYS_SEARCH_USER_PATHS = NO;
				CLANG_ANALYZER_NONNULL = YES;
				CLANG_CXX_LANGUAGE_STANDARD = "gnu++0x";
				CLANG_CXX_LIBRARY = "libc++";
				CLANG_ENABLE_MODULES = YES;
				CLANG_ENABLE_OBJC_ARC = YES;
				CLANG_WARN_BOOL_CONVERSION = YES;
				CLANG_WARN_CONSTANT_CONVERSION = YES;
				CLANG_WARN_DIRECT_OBJC_ISA_USAGE = YES_ERROR;
				CLANG_WARN_EMPTY_BODY = YES;
				CLANG_WARN_ENUM_CONVERSION = YES;
				CLANG_WARN_INT_CONVERSION = YES;
				CLANG_WARN_OBJC_ROOT_CLASS = YES_ERROR;
				CLANG_WARN_UNREACHABLE_CODE = YES;
				CLANG_WARN__DUPLICATE_METHOD_MATCH = YES;
				"CODE_SIGN_IDENTITY[sdk=iphoneos*]" = "iPhone Developer";
				COPY_PHASE_STRIP = NO;
				DEBUG_INFORMATION_FORMAT = dwarf;
				ENABLE_STRICT_OBJC_MSGSEND = YES;
				ENABLE_TESTABILITY = YES;
				GCC_C_LANGUAGE_STANDARD = gnu99;
				GCC_DYNAMIC_NO_PIC = NO;
				GCC_NO_COMMON_BLOCKS = YES;
				GCC_OPTIMIZATION_LEVEL = 0;
				GCC_PREPROCESSOR_DEFINITIONS = (
					"DEBUG=1",
					"$(inherited)",
				);
				GCC_WARN_64_TO_32_BIT_CONVERSION = YES;
				GCC_WARN_ABOUT_RETURN_TYPE = YES_ERROR;
				GCC_WARN_UNDECLARED_SELECTOR = YES;
				GCC_WARN_UNINITIALIZED_AUTOS = YES_AGGRESSIVE;
				GCC_WARN_UNUSED_FUNCTION = YES;
				GCC_WARN_UNUSED_VARIABLE = YES;
				IPHONEOS_DEPLOYMENT_TARGET = 9.3;
				MTL_ENABLE_DEBUG_INFO = YES;
				ONLY_ACTIVE_ARCH = YES;
				SDKROOT = iphoneos;
				SWIFT_OPTIMIZATION_LEVEL = "-Onone";
			};
			name = Debug;
		};
		0BFA3D351D19E6ED00DF996E /* Release */ = {
			isa = XCBuildConfiguration;
			buildSettings = {
				ALWAYS_SEARCH_USER_PATHS = NO;
				CLANG_ANALYZER_NONNULL = YES;
				CLANG_CXX_LANGUAGE_STANDARD = "gnu++0x";
				CLANG_CXX_LIBRARY = "libc++";
				CLANG_ENABLE_MODULES = YES;
				CLANG_ENABLE_OBJC_ARC = YES;
				CLANG_WARN_BOOL_CONVERSION = YES;
				CLANG_WARN_CONSTANT_CONVERSION = YES;
				CLANG_WARN_DIRECT_OBJC_ISA_USAGE = YES_ERROR;
				CLANG_WARN_EMPTY_BODY = YES;
				CLANG_WARN_ENUM_CONVERSION = YES;
				CLANG_WARN_INT_CONVERSION = YES;
				CLANG_WARN_OBJC_ROOT_CLASS = YES_ERROR;
				CLANG_WARN_UNREACHABLE_CODE = YES;
				CLANG_WARN__DUPLICATE_METHOD_MATCH = YES;
				"CODE_SIGN_IDENTITY[sdk=iphoneos*]" = "iPhone Developer";
				COPY_PHASE_STRIP = NO;
				DEBUG_INFORMATION_FORMAT = "dwarf-with-dsym";
				ENABLE_NS_ASSERTIONS = NO;
				ENABLE_STRICT_OBJC_MSGSEND = YES;
				GCC_C_LANGUAGE_STANDARD = gnu99;
				GCC_NO_COMMON_BLOCKS = YES;
				GCC_WARN_64_TO_32_BIT_CONVERSION = YES;
				GCC_WARN_ABOUT_RETURN_TYPE = YES_ERROR;
				GCC_WARN_UNDECLARED_SELECTOR = YES;
				GCC_WARN_UNINITIALIZED_AUTOS = YES_AGGRESSIVE;
				GCC_WARN_UNUSED_FUNCTION = YES;
				GCC_WARN_UNUSED_VARIABLE = YES;
				IPHONEOS_DEPLOYMENT_TARGET = 9.3;
				MTL_ENABLE_DEBUG_INFO = NO;
				SDKROOT = iphoneos;
				VALIDATE_PRODUCT = YES;
			};
			name = Release;
		};
		0BFA3D371D19E6ED00DF996E /* Debug */ = {
			isa = XCBuildConfiguration;
			buildSettings = {
				ASSETCATALOG_COMPILER_APPICON_NAME = AppIcon;
				CODE_SIGN_ENTITLEMENTS = Sleepy/Sleepy.entitlements;
				CODE_SIGN_IDENTITY = "iPhone Developer";
				"CODE_SIGN_IDENTITY[sdk=iphoneos*]" = "iPhone Developer";
				EMBEDDED_CONTENT_CONTAINS_SWIFT = YES;
				INFOPLIST_FILE = Sleepy/Info.plist;
				LD_RUNPATH_SEARCH_PATHS = "$(inherited) @executable_path/Frameworks";
				PRODUCT_BUNDLE_IDENTIFIER = "Ali-Mousa.Sleepy";
				PRODUCT_NAME = "$(TARGET_NAME)";
				PROVISIONING_PROFILE = "";
			};
			name = Debug;
		};
		0BFA3D381D19E6ED00DF996E /* Release */ = {
			isa = XCBuildConfiguration;
			buildSettings = {
				ASSETCATALOG_COMPILER_APPICON_NAME = AppIcon;
				CODE_SIGN_ENTITLEMENTS = Sleepy/Sleepy.entitlements;
				CODE_SIGN_IDENTITY = "iPhone Developer";
				"CODE_SIGN_IDENTITY[sdk=iphoneos*]" = "iPhone Developer";
				EMBEDDED_CONTENT_CONTAINS_SWIFT = YES;
				INFOPLIST_FILE = Sleepy/Info.plist;
				LD_RUNPATH_SEARCH_PATHS = "$(inherited) @executable_path/Frameworks";
				PRODUCT_BUNDLE_IDENTIFIER = "Ali-Mousa.Sleepy";
				PRODUCT_NAME = "$(TARGET_NAME)";
				PROVISIONING_PROFILE = "";
			};
			name = Release;
		};
/* End XCBuildConfiguration section */

/* Begin XCConfigurationList section */
		0B537D3A1D244774004DC1F7 /* Build configuration list for PBXNativeTarget "SleepyExtension" */ = {
			isa = XCConfigurationList;
			buildConfigurations = (
				0B537D381D244774004DC1F7 /* Debug */,
				0B537D391D244774004DC1F7 /* Release */,
			);
			defaultConfigurationIsVisible = 0;
		};
		0BFA3D1F1D19E6ED00DF996E /* Build configuration list for PBXProject "Sleepy" */ = {
			isa = XCConfigurationList;
			buildConfigurations = (
				0BFA3D341D19E6ED00DF996E /* Debug */,
				0BFA3D351D19E6ED00DF996E /* Release */,
			);
			defaultConfigurationIsVisible = 0;
			defaultConfigurationName = Release;
		};
		0BFA3D361D19E6ED00DF996E /* Build configuration list for PBXNativeTarget "Sleepy" */ = {
			isa = XCConfigurationList;
			buildConfigurations = (
				0BFA3D371D19E6ED00DF996E /* Debug */,
				0BFA3D381D19E6ED00DF996E /* Release */,
			);
			defaultConfigurationIsVisible = 0;
			defaultConfigurationName = Release;
		};
/* End XCConfigurationList section */
	};
	rootObject = 0BFA3D1C1D19E6ED00DF996E /* Project object */;
}
